<?xml version="1.0" encoding="utf-8"?>
<Project ToolsVersion="4.0" xmlns="http://schemas.microsoft.com/developer/msbuild/2003">
  <ItemGroup>
    <Filter Include="Quelldateien">
      <UniqueIdentifier>{4FC737F1-C7A5-4376-A066-2A32D752A2FF}</UniqueIdentifier>
      <Extensions>cpp;c;cc;cxx;def;odl;idl;hpj;bat;asm;asmx</Extensions>
    </Filter>
    <Filter Include="Headerdateien">
      <UniqueIdentifier>{93995380-89BD-4b04-88EB-625FBE52EBFB}</UniqueIdentifier>
      <Extensions>h;hh;hpp;hxx;hm;inl;inc;ipp;xsd</Extensions>
    </Filter>
    <Filter Include="Ressourcendateien">
      <UniqueIdentifier>{67DA6AB6-F800-4c08-8B7A-83BB121AAD01}</UniqueIdentifier>
      <Extensions>rc;ico;cur;bmp;dlg;rc2;rct;bin;rgs;gif;jpg;jpeg;jpe;resx;tiff;tif;png;wav;mfcribbon-ms</Extensions>
    </Filter>
    <Filter Include="Undocumented Stuff">
      <UniqueIdentifier>{5fb87ace-3640-4724-bdb4-c98201c2d6dc}</UniqueIdentifier>
    </Filter>
    <Filter Include="Hooking">
      <UniqueIdentifier>{0e1287fb-bb43-4042-914b-c61a503431e0}</UniqueIdentifier>
    </Filter>
    <Filter Include="MD5">
      <UniqueIdentifier>{76d4da3e-9271-4e8c-865c-3b7baa4b29be}</UniqueIdentifier>
    </Filter>
  </ItemGroup>
  <ItemGroup>
    <ClCompile Include="DllMain.cpp">
      <Filter>Quelldateien</Filter>
    </ClCompile>
    <ClCompile Include="GS_Module.cpp">
      <Filter>Quelldateien</Filter>
    </ClCompile>
    <ClCompile Include="GS_Integrity.cpp">
      <Filter>Quelldateien</Filter>
    </ClCompile>
    <ClCompile Include="GS_Exit.cpp">
      <Filter>Quelldateien</Filter>
    </ClCompile>
    <ClCompile Include="GS_AntiDebug.cpp">
      <Filter>Quelldateien</Filter>
    </ClCompile>
    <ClCompile Include="GS_Hook.cpp">
      <Filter>Hooking</Filter>
    </ClCompile>
    <ClCompile Include="MD5.cpp">
      <Filter>MD5</Filter>
    </ClCompile>
    <ClCompile Include="GS_Driver.cpp">
      <Filter>Quelldateien</Filter>
    </ClCompile>
    <ClCompile Include="GS_Process.cpp">
      <Filter>Quelldateien</Filter>
    </ClCompile>
    <ClCompile Include="GS_Memory.cpp">
      <Filter>Quelldateien</Filter>
    </ClCompile>
    <ClCompile Include="GS_Data.h">
      <Filter>Headerdateien</Filter>
    </ClCompile>
  </ItemGroup>
  <ItemGroup>
    <ClInclude Include="Includes.h">
      <Filter>Headerdateien</Filter>
    </ClInclude>
    <ClInclude Include="GS_Module.h">
      <Filter>Headerdateien</Filter>
    </ClInclude>
    <ClInclude Include="GS_Integrity.h">
      <Filter>Headerdateien</Filter>
    </ClInclude>
    <ClInclude Include="GS_Exit.h">
      <Filter>Headerdateien</Filter>
    </ClInclude>
    <ClInclude Include="GS_AntiDebug.h">
      <Filter>Headerdateien</Filter>
    </ClInclude>
    <ClInclude Include="ntdll.h">
      <Filter>Undocumented Stuff</Filter>
    </ClInclude>
    <ClInclude Include="GS_Hook.h">
      <Filter>Hooking</Filter>
    </ClInclude>
    <ClInclude Include="MD5.h">
      <Filter>MD5</Filter>
    </ClInclude>
    <ClInclude Include="GS_Driver.h">
      <Filter>Headerdateien</Filter>
    </ClInclude>
    <ClInclude Include="GS_Process.h">
      <Filter>Headerdateien</Filter>
    </ClInclude>
    <ClInclude Include="GS_Memory.h">
      <Filter>Headerdateien</Filter>
    </ClInclude>
    <ClInclude Include="xorstr.hpp">
      <Filter>Headerdateien</Filter>
    </ClInclude>
  </ItemGroup>
</Project>