<?xml version="1.0" encoding="utf-8"?>
<Project ToolsVersion="4.0" xmlns="http://schemas.microsoft.com/developer/msbuild/2003">
  <ItemGroup>
    <Filter Include="Quelldateien">
      <UniqueIdentifier>{4FC737F1-C7A5-4376-A066-2A32D752A2FF}</UniqueIdentifier>
      <Extensions>cpp;c;cc;cxx;def;odl;idl;hpj;bat;asm;asmx</Extensions>
    </Filter>
    <Filter Include="Headerdateien">
      <UniqueIdentifier>{93995380-89BD-4b04-88EB-625FBE52EBFB}</UniqueIdentifier>
      <Extensions>h;hh;hpp;hxx;hm;inl;inc;ipp;xsd</Extensions>
    </Filter>
    <Filter Include="Ressourcendateien">
      <UniqueIdentifier>{67DA6AB6-F800-4c08-8B7A-83BB121AAD01}</UniqueIdentifier>
      <Extensions>rc;ico;cur;bmp;dlg;rc2;rct;bin;rgs;gif;jpg;jpeg;jpe;resx;tiff;tif;png;wav;mfcribbon-ms</Extensions>
    </Filter>
    <Filter Include="Encryption">
      <UniqueIdentifier>{a08bfb02-42c1-4902-bda6-646ea6de08ee}</UniqueIdentifier>
    </Filter>
    <Filter Include="Mapper">
      <UniqueIdentifier>{8aff039b-1122-40d7-baf7-4656c7e2bbac}</UniqueIdentifier>
    </Filter>
  </ItemGroup>
  <ItemGroup>
    <ClCompile Include="GS_Launcher.cpp">
      <Filter>Quelldateien</Filter>
    </ClCompile>
    <ClCompile Include="GS_AntiVM.cpp">
      <Filter>Quelldateien</Filter>
    </ClCompile>
    <ClCompile Include="GS_Driver.cpp">
      <Filter>Quelldateien</Filter>
    </ClCompile>
    <ClCompile Include="GS_Process.cpp">
      <Filter>Quelldateien</Filter>
    </ClCompile>
    <ClCompile Include="MD5.cpp">
      <Filter>Encryption</Filter>
    </ClCompile>
    <ClCompile Include="main.cpp">
      <Filter>Quelldateien</Filter>
    </ClCompile>
    <ClCompile Include="Injection.cpp">
      <Filter>Mapper</Filter>
    </ClCompile>
  </ItemGroup>
  <ItemGroup>
    <ClInclude Include="GS_Launcher.h">
      <Filter>Headerdateien</Filter>
    </ClInclude>
    <ClInclude Include="resource.h">
      <Filter>Headerdateien</Filter>
    </ClInclude>
    <ClInclude Include="GS_AntiVM.h">
      <Filter>Headerdateien</Filter>
    </ClInclude>
    <ClInclude Include="GS_Driver.h">
      <Filter>Headerdateien</Filter>
    </ClInclude>
    <ClInclude Include="GS_Process.h">
      <Filter>Headerdateien</Filter>
    </ClInclude>
    <ClInclude Include="Includes.h">
      <Filter>Headerdateien</Filter>
    </ClInclude>
    <ClInclude Include="MD5.h">
      <Filter>Encryption</Filter>
    </ClInclude>
    <ClInclude Include="ntdll.h">
      <Filter>Headerdateien</Filter>
    </ClInclude>
    <ClInclude Include="KeInterface.h">
      <Filter>Headerdateien</Filter>
    </ClInclude>
    <ClInclude Include="GS_Data.h">
      <Filter>Headerdateien</Filter>
    </ClInclude>
    <ClInclude Include="Injection.h">
      <Filter>Mapper</Filter>
    </ClInclude>
    <ClInclude Include="xorstr.hpp">
      <Filter>Encryption</Filter>
    </ClInclude>
  </ItemGroup>
  <ItemGroup>
    <ResourceCompile Include="GS_Launcher.rc">
      <Filter>Ressourcendateien</Filter>
    </ResourceCompile>
  </ItemGroup>
  <ItemGroup>
    <Image Include="C:\Users\Kilian\Downloads\iconfinder_protection__security__safety__shield_2537363.ico">
      <Filter>Ressourcendateien</Filter>
    </Image>
  </ItemGroup>
</Project>